
Microsoft Visual Studio Solution File, Format Version 12.00
# Visual Studio 15
VisualStudioVersion = 15.0.28307.421
MinimumVisualStudioVersion = 10.0.40219.1
Project("{FAE04EC0-301F-11D3-BF4B-00C04F79EFBC}") = "CrudWCF", "CrudWCF\CrudWCF.csproj", "{5C8E2EC7-C096-4BEA-95CD-AC67D82DDE5F}"
EndProject
Global
	GlobalSection(SolutionConfigurationPlatforms) = preSolution
		Debug|Any CPU = Debug|Any CPU
		Release|Any CPU = Release|Any CPU
	EndGlobalSection
	GlobalSection(ProjectConfigurationPlatforms) = postSolution
		{5C8E2EC7-C096-4BEA-95CD-AC67D82DDE5F}.Debug|Any CPU.ActiveCfg = Debug|Any CPU
		{5C8E2EC7-C096-4BEA-95CD-AC67D82DDE5F}.Debug|Any CPU.Build.0 = Debug|Any CPU
		{5C8E2EC7-C096-4BEA-95CD-AC67D82DDE5F}.Release|Any CPU.ActiveCfg = Release|Any CPU
		{5C8E2EC7-C096-4BEA-95CD-AC67D82DDE5F}.Release|Any CPU.Build.0 = Release|Any CPU
	EndGlobalSection
	GlobalSection(SolutionProperties) = preSolution
		HideSolutionNode = FALSE
	EndGlobalSection
	GlobalSection(ExtensibilityGlobals) = postSolution
		SolutionGuid = {1FF845E3-FE6A-4ECB-BFD5-D3C09BF87DA9}
	EndGlobalSection
EndGlobal
